
Microsoft Visual Studio Solution File, Format Version 12.00
# Visual Studio 15
VisualStudioVersion = 15.0.28010.2036
MinimumVisualStudioVersion = 10.0.40219.1
Project("{FAE04EC0-301F-11D3-BF4B-00C04F79EFBC}") = "MatrixRotation", "MatrixRotation\MatrixRotation.csproj", "{4F852032-B1D8-41CB-9233-B42331B388E8}"
EndProject
Global
	GlobalSection(SolutionConfigurationPlatforms) = preSolution
		Debug|Any CPU = Debug|Any CPU
		Release|Any CPU = Release|Any CPU
	EndGlobalSection
	GlobalSection(ProjectConfigurationPlatforms) = postSolution
		{4F852032-B1D8-41CB-9233-B42331B388E8}.Debug|Any CPU.ActiveCfg = Debug|Any CPU
		{4F852032-B1D8-41CB-9233-B42331B388E8}.Debug|Any CPU.Build.0 = Debug|Any CPU
		{4F852032-B1D8-41CB-9233-B42331B388E8}.Release|Any CPU.ActiveCfg = Release|Any CPU
		{4F852032-B1D8-41CB-9233-B42331B388E8}.Release|Any CPU.Build.0 = Release|Any CPU
	EndGlobalSection
	GlobalSection(SolutionProperties) = preSolution
		HideSolutionNode = FALSE
	EndGlobalSection
	GlobalSection(ExtensibilityGlobals) = postSolution
		SolutionGuid = {060ECBD2-B82F-4E75-9CB2-8524701E2196}
	EndGlobalSection
EndGlobal
